// !$*UTF8*$!
{
	archiveVersion = 1;
	classes = {
	};
	objectVersion = 55;
	objects = {

/* Begin PBXBuildFile section */
		AB392193276BB22200375942 /* Onboarding.swift in Sources */ = {isa = PBXBuildFile; fileRef = AB392192276BB22200375942 /* Onboarding.swift */; };
		AB392195276BF94E00375942 /* Info.swift in Sources */ = {isa = PBXBuildFile; fileRef = AB392194276BF94E00375942 /* Info.swift */; };
		AB392197276C019A00375942 /* track.gif in Resources */ = {isa = PBXBuildFile; fileRef = AB392196276C019A00375942 /* track.gif */; };
		AB3ACC3C276C6346002FFD4C /* toy_robot_vintage.usdz in Resources */ = {isa = PBXBuildFile; fileRef = AB3ACC3A276C6346002FFD4C /* toy_robot_vintage.usdz */; };
		AB3ACC3D276C6346002FFD4C /* toy_car.usdz in Resources */ = {isa = PBXBuildFile; fileRef = AB3ACC3B276C6346002FFD4C /* toy_car.usdz */; };
		AB6170B12761628200DC0E8E /* Model.swift in Sources */ = {isa = PBXBuildFile; fileRef = AB6170B02761628200DC0E8E /* Model.swift */; };
		AB6170B42761696E00DC0E8E /* FocusEntity in Frameworks */ = {isa = PBXBuildFile; productRef = AB6170B32761696E00DC0E8E /* FocusEntity */; };
		AB6170B82764F43100DC0E8E /* ControlView.swift in Sources */ = {isa = PBXBuildFile; fileRef = AB6170B72764F43100DC0E8E /* ControlView.swift */; };
		AB6170BA2764FE2D00DC0E8E /* SheetView.swift in Sources */ = {isa = PBXBuildFile; fileRef = AB6170B92764FE2D00DC0E8E /* SheetView.swift */; };
		AB6170BC2765161F00DC0E8E /* PlacementView.swift in Sources */ = {isa = PBXBuildFile; fileRef = AB6170BB2765161F00DC0E8E /* PlacementView.swift */; };
		AB6170BE27651B0D00DC0E8E /* CustomARView.swift in Sources */ = {isa = PBXBuildFile; fileRef = AB6170BD27651B0D00DC0E8E /* CustomARView.swift */; };
		AB6170C027655FA500DC0E8E /* ModelDeletionManager.swift in Sources */ = {isa = PBXBuildFile; fileRef = AB6170BF27655FA500DC0E8E /* ModelDeletionManager.swift */; };
		AB6170C227665B6100DC0E8E /* shutter.mp3 in Resources */ = {isa = PBXBuildFile; fileRef = AB6170C127665B6100DC0E8E /* shutter.mp3 */; };
		AB6F3CDC2760F73200B72786 /* AppDelegate.swift in Sources */ = {isa = PBXBuildFile; fileRef = AB6F3CDB2760F73200B72786 /* AppDelegate.swift */; };
		AB6F3CDE2760F73200B72786 /* ContentView.swift in Sources */ = {isa = PBXBuildFile; fileRef = AB6F3CDD2760F73200B72786 /* ContentView.swift */; };
		AB6F3CE02760F73200B72786 /* Experience.rcproject in Sources */ = {isa = PBXBuildFile; fileRef = AB6F3CDF2760F73200B72786 /* Experience.rcproject */; };
		AB6F3CE22760F73400B72786 /* Assets.xcassets in Resources */ = {isa = PBXBuildFile; fileRef = AB6F3CE12760F73400B72786 /* Assets.xcassets */; };
		AB6F3CE52760F73400B72786 /* Preview Assets.xcassets in Resources */ = {isa = PBXBuildFile; fileRef = AB6F3CE42760F73400B72786 /* Preview Assets.xcassets */; };
		AB6F3CEF2760F73400B72786 /* dinosARTests.swift in Sources */ = {isa = PBXBuildFile; fileRef = AB6F3CEE2760F73400B72786 /* dinosARTests.swift */; };
		AB6F3CF92760F73400B72786 /* dinosARUITests.swift in Sources */ = {isa = PBXBuildFile; fileRef = AB6F3CF82760F73400B72786 /* dinosARUITests.swift */; };
		AB6F3CFB2760F73400B72786 /* dinosARUITestsLaunchTests.swift in Sources */ = {isa = PBXBuildFile; fileRef = AB6F3CFA2760F73400B72786 /* dinosARUITestsLaunchTests.swift */; };
		AB6F3D102761406500B72786 /* fender_stratocaster.usdz in Resources */ = {isa = PBXBuildFile; fileRef = AB6F3D0B2761406300B72786 /* fender_stratocaster.usdz */; };
		AB6F3D112761406500B72786 /* toy_drummer.usdz in Resources */ = {isa = PBXBuildFile; fileRef = AB6F3D0C2761406400B72786 /* toy_drummer.usdz */; };
		AB6F3D122761406500B72786 /* toy_biplane.usdz in Resources */ = {isa = PBXBuildFile; fileRef = AB6F3D0D2761406400B72786 /* toy_biplane.usdz */; };
		AB6F3D132761406500B72786 /* gramophone.usdz in Resources */ = {isa = PBXBuildFile; fileRef = AB6F3D0E2761406400B72786 /* gramophone.usdz */; };
		AB6F3D142761406500B72786 /* tv_retro.usdz in Resources */ = {isa = PBXBuildFile; fileRef = AB6F3D0F2761406400B72786 /* tv_retro.usdz */; };
/* End PBXBuildFile section */

/* Begin PBXContainerItemProxy section */
		AB6F3CEB2760F73400B72786 /* PBXContainerItemProxy */ = {
			isa = PBXContainerItemProxy;
			containerPortal = AB6F3CD02760F73200B72786 /* Project object */;
			proxyType = 1;
			remoteGlobalIDString = AB6F3CD72760F73200B72786;
			remoteInfo = dinosAR;
		};
		AB6F3CF52760F73400B72786 /* PBXContainerItemProxy */ = {
			isa = PBXContainerItemProxy;
			containerPortal = AB6F3CD02760F73200B72786 /* Project object */;
			proxyType = 1;
			remoteGlobalIDString = AB6F3CD72760F73200B72786;
			remoteInfo = dinosAR;
		};
/* End PBXContainerItemProxy section */

/* Begin PBXFileReference section */
		AB392192276BB22200375942 /* Onboarding.swift */ = {isa = PBXFileReference; lastKnownFileType = sourcecode.swift; path = Onboarding.swift; sourceTree = "<group>"; };
		AB392194276BF94E00375942 /* Info.swift */ = {isa = PBXFileReference; lastKnownFileType = sourcecode.swift; path = Info.swift; sourceTree = "<group>"; };
		AB392196276C019A00375942 /* track.gif */ = {isa = PBXFileReference; lastKnownFileType = image.gif; path = track.gif; sourceTree = "<group>"; };
		AB3ACC3A276C6346002FFD4C /* toy_robot_vintage.usdz */ = {isa = PBXFileReference; lastKnownFileType = file.usdz; path = toy_robot_vintage.usdz; sourceTree = "<group>"; };
		AB3ACC3B276C6346002FFD4C /* toy_car.usdz */ = {isa = PBXFileReference; lastKnownFileType = file.usdz; path = toy_car.usdz; sourceTree = "<group>"; };
		AB6170B02761628200DC0E8E /* Model.swift */ = {isa = PBXFileReference; lastKnownFileType = sourcecode.swift; path = Model.swift; sourceTree = "<group>"; };
		AB6170B72764F43100DC0E8E /* ControlView.swift */ = {isa = PBXFileReference; lastKnownFileType = sourcecode.swift; path = ControlView.swift; sourceTree = "<group>"; };
		AB6170B92764FE2D00DC0E8E /* SheetView.swift */ = {isa = PBXFileReference; lastKnownFileType = sourcecode.swift; path = SheetView.swift; sourceTree = "<group>"; };
		AB6170BB2765161F00DC0E8E /* PlacementView.swift */ = {isa = PBXFileReference; lastKnownFileType = sourcecode.swift; path = PlacementView.swift; sourceTree = "<group>"; };
		AB6170BD27651B0D00DC0E8E /* CustomARView.swift */ = {isa = PBXFileReference; lastKnownFileType = sourcecode.swift; path = CustomARView.swift; sourceTree = "<group>"; };
		AB6170BF27655FA500DC0E8E /* ModelDeletionManager.swift */ = {isa = PBXFileReference; lastKnownFileType = sourcecode.swift; path = ModelDeletionManager.swift; sourceTree = "<group>"; };
		AB6170C127665B6100DC0E8E /* shutter.mp3 */ = {isa = PBXFileReference; lastKnownFileType = audio.mp3; path = shutter.mp3; sourceTree = "<group>"; };
		AB6F3CD82760F73200B72786 /* dinosAR.app */ = {isa = PBXFileReference; explicitFileType = wrapper.application; includeInIndex = 0; path = dinosAR.app; sourceTree = BUILT_PRODUCTS_DIR; };
		AB6F3CDB2760F73200B72786 /* AppDelegate.swift */ = {isa = PBXFileReference; lastKnownFileType = sourcecode.swift; path = AppDelegate.swift; sourceTree = "<group>"; };
		AB6F3CDD2760F73200B72786 /* ContentView.swift */ = {isa = PBXFileReference; lastKnownFileType = sourcecode.swift; path = ContentView.swift; sourceTree = "<group>"; };
		AB6F3CDF2760F73200B72786 /* Experience.rcproject */ = {isa = PBXFileReference; lastKnownFileType = file.rcproject; path = Experience.rcproject; sourceTree = "<group>"; };
		AB6F3CE12760F73400B72786 /* Assets.xcassets */ = {isa = PBXFileReference; lastKnownFileType = folder.assetcatalog; path = Assets.xcassets; sourceTree = "<group>"; };
		AB6F3CE42760F73400B72786 /* Preview Assets.xcassets */ = {isa = PBXFileReference; lastKnownFileType = folder.assetcatalog; path = "Preview Assets.xcassets"; sourceTree = "<group>"; };
		AB6F3CEA2760F73400B72786 /* dinosARTests.xctest */ = {isa = PBXFileReference; explicitFileType = wrapper.cfbundle; includeInIndex = 0; path = dinosARTests.xctest; sourceTree = BUILT_PRODUCTS_DIR; };
		AB6F3CEE2760F73400B72786 /* dinosARTests.swift */ = {isa = PBXFileReference; lastKnownFileType = sourcecode.swift; path = dinosARTests.swift; sourceTree = "<group>"; };
		AB6F3CF42760F73400B72786 /* dinosARUITests.xctest */ = {isa = PBXFileReference; explicitFileType = wrapper.cfbundle; includeInIndex = 0; path = dinosARUITests.xctest; sourceTree = BUILT_PRODUCTS_DIR; };
		AB6F3CF82760F73400B72786 /* dinosARUITests.swift */ = {isa = PBXFileReference; lastKnownFileType = sourcecode.swift; path = dinosARUITests.swift; sourceTree = "<group>"; };
		AB6F3CFA2760F73400B72786 /* dinosARUITestsLaunchTests.swift */ = {isa = PBXFileReference; lastKnownFileType = sourcecode.swift; path = dinosARUITestsLaunchTests.swift; sourceTree = "<group>"; };
		AB6F3D072760FF8B00B72786 /* Info.plist */ = {isa = PBXFileReference; lastKnownFileType = text.plist; path = Info.plist; sourceTree = "<group>"; };
		AB6F3D0B2761406300B72786 /* fender_stratocaster.usdz */ = {isa = PBXFileReference; lastKnownFileType = file.usdz; path = fender_stratocaster.usdz; sourceTree = "<group>"; };
		AB6F3D0C2761406400B72786 /* toy_drummer.usdz */ = {isa = PBXFileReference; lastKnownFileType = file.usdz; path = toy_drummer.usdz; sourceTree = "<group>"; };
		AB6F3D0D2761406400B72786 /* toy_biplane.usdz */ = {isa = PBXFileReference; lastKnownFileType = file.usdz; path = toy_biplane.usdz; sourceTree = "<group>"; };
		AB6F3D0E2761406400B72786 /* gramophone.usdz */ = {isa = PBXFileReference; lastKnownFileType = file.usdz; path = gramophone.usdz; sourceTree = "<group>"; };
		AB6F3D0F2761406400B72786 /* tv_retro.usdz */ = {isa = PBXFileReference; lastKnownFileType = file.usdz; path = tv_retro.usdz; sourceTree = "<group>"; };
/* End PBXFileReference section */

/* Begin PBXFrameworksBuildPhase section */
		AB6F3CD52760F73200B72786 /* Frameworks */ = {
			isa = PBXFrameworksBuildPhase;
			buildActionMask = 2147483647;
			files = (
				AB6170B42761696E00DC0E8E /* FocusEntity in Frameworks */,
			);
			runOnlyForDeploymentPostprocessing = 0;
		};
		AB6F3CE72760F73400B72786 /* Frameworks */ = {
			isa = PBXFrameworksBuildPhase;
			buildActionMask = 2147483647;
			files = (
			);
			runOnlyForDeploymentPostprocessing = 0;
		};
		AB6F3CF12760F73400B72786 /* Frameworks */ = {
			isa = PBXFrameworksBuildPhase;
			buildActionMask = 2147483647;
			files = (
			);
			runOnlyForDeploymentPostprocessing = 0;
		};
/* End PBXFrameworksBuildPhase section */

/* Begin PBXGroup section */
		AB6F3CCF2760F73200B72786 = {
			isa = PBXGroup;
			children = (
				AB6F3CDA2760F73200B72786 /* dinosAR */,
				AB6F3CED2760F73400B72786 /* dinosARTests */,
				AB6F3CF72760F73400B72786 /* dinosARUITests */,
				AB6F3CD92760F73200B72786 /* Products */,
			);
			sourceTree = "<group>";
		};
		AB6F3CD92760F73200B72786 /* Products */ = {
			isa = PBXGroup;
			children = (
				AB6F3CD82760F73200B72786 /* dinosAR.app */,
				AB6F3CEA2760F73400B72786 /* dinosARTests.xctest */,
				AB6F3CF42760F73400B72786 /* dinosARUITests.xctest */,
			);
			name = Products;
			sourceTree = "<group>";
		};
		AB6F3CDA2760F73200B72786 /* dinosAR */ = {
			isa = PBXGroup;
			children = (
				AB6F3D0A27613F8700B72786 /* Models */,
				AB6F3D072760FF8B00B72786 /* Info.plist */,
				AB6F3CDB2760F73200B72786 /* AppDelegate.swift */,
				AB392192276BB22200375942 /* Onboarding.swift */,
				AB6F3CDD2760F73200B72786 /* ContentView.swift */,
				AB6170BD27651B0D00DC0E8E /* CustomARView.swift */,
				AB392194276BF94E00375942 /* Info.swift */,
				AB6170B72764F43100DC0E8E /* ControlView.swift */,
				AB6170B92764FE2D00DC0E8E /* SheetView.swift */,
				AB6170BB2765161F00DC0E8E /* PlacementView.swift */,
				AB6170B02761628200DC0E8E /* Model.swift */,
				AB6170BF27655FA500DC0E8E /* ModelDeletionManager.swift */,
				AB6F3CDF2760F73200B72786 /* Experience.rcproject */,
				AB6170C127665B6100DC0E8E /* shutter.mp3 */,
				AB392196276C019A00375942 /* track.gif */,
				AB6F3CE12760F73400B72786 /* Assets.xcassets */,
				AB6F3CE32760F73400B72786 /* Preview Content */,
			);
			path = dinosAR;
			sourceTree = "<group>";
		};
		AB6F3CE32760F73400B72786 /* Preview Content */ = {
			isa = PBXGroup;
			children = (
				AB6F3CE42760F73400B72786 /* Preview Assets.xcassets */,
			);
			path = "Preview Content";
			sourceTree = "<group>";
		};
		AB6F3CED2760F73400B72786 /* dinosARTests */ = {
			isa = PBXGroup;
			children = (
				AB6F3CEE2760F73400B72786 /* dinosARTests.swift */,
			);
			path = dinosARTests;
			sourceTree = "<group>";
		};
		AB6F3CF72760F73400B72786 /* dinosARUITests */ = {
			isa = PBXGroup;
			children = (
				AB6F3CF82760F73400B72786 /* dinosARUITests.swift */,
				AB6F3CFA2760F73400B72786 /* dinosARUITestsLaunchTests.swift */,
			);
			path = dinosARUITests;
			sourceTree = "<group>";
		};
		AB6F3D0A27613F8700B72786 /* Models */ = {
			isa = PBXGroup;
			children = (
				AB6F3D0B2761406300B72786 /* fender_stratocaster.usdz */,
				AB3ACC3B276C6346002FFD4C /* toy_car.usdz */,
				AB3ACC3A276C6346002FFD4C /* toy_robot_vintage.usdz */,
				AB6F3D0E2761406400B72786 /* gramophone.usdz */,
				AB6F3D0D2761406400B72786 /* toy_biplane.usdz */,
				AB6F3D0C2761406400B72786 /* toy_drummer.usdz */,
				AB6F3D0F2761406400B72786 /* tv_retro.usdz */,
			);
			path = Models;
			sourceTree = "<group>";
		};
/* End PBXGroup section */

/* Begin PBXNativeTarget section */
		AB6F3CD72760F73200B72786 /* dinosAR */ = {
			isa = PBXNativeTarget;
			buildConfigurationList = AB6F3CFE2760F73400B72786 /* Build configuration list for PBXNativeTarget "dinosAR" */;
			buildPhases = (
				AB6F3CD42760F73200B72786 /* Sources */,
				AB6F3CD52760F73200B72786 /* Frameworks */,
				AB6F3CD62760F73200B72786 /* Resources */,
			);
			buildRules = (
			);
			dependencies = (
			);
			name = dinosAR;
			packageProductDependencies = (
				AB6170B32761696E00DC0E8E /* FocusEntity */,
			);
			productName = dinosAR;
			productReference = AB6F3CD82760F73200B72786 /* dinosAR.app */;
			productType = "com.apple.product-type.application";
		};
		AB6F3CE92760F73400B72786 /* dinosARTests */ = {
			isa = PBXNativeTarget;
			buildConfigurationList = AB6F3D012760F73400B72786 /* Build configuration list for PBXNativeTarget "dinosARTests" */;
			buildPhases = (
				AB6F3CE62760F73400B72786 /* Sources */,
				AB6F3CE72760F73400B72786 /* Frameworks */,
				AB6F3CE82760F73400B72786 /* Resources */,
			);
			buildRules = (
			);
			dependencies = (
				AB6F3CEC2760F73400B72786 /* PBXTargetDependency */,
			);
			name = dinosARTests;
			productName = dinosARTests;
			productReference = AB6F3CEA2760F73400B72786 /* dinosARTests.xctest */;
			productType = "com.apple.product-type.bundle.unit-test";
		};
		AB6F3CF32760F73400B72786 /* dinosARUITests */ = {
			isa = PBXNativeTarget;
			buildConfigurationList = AB6F3D042760F73400B72786 /* Build configuration list for PBXNativeTarget "dinosARUITests" */;
			buildPhases = (
				AB6F3CF02760F73400B72786 /* Sources */,
				AB6F3CF12760F73400B72786 /* Frameworks */,
				AB6F3CF22760F73400B72786 /* Resources */,
			);
			buildRules = (
			);
			dependencies = (
				AB6F3CF62760F73400B72786 /* PBXTargetDependency */,
			);
			name = dinosARUITests;
			productName = dinosARUITests;
			productReference = AB6F3CF42760F73400B72786 /* dinosARUITests.xctest */;
			productType = "com.apple.product-type.bundle.ui-testing";
		};
/* End PBXNativeTarget section */

/* Begin PBXProject section */
		AB6F3CD02760F73200B72786 /* Project object */ = {
			isa = PBXProject;
			attributes = {
				BuildIndependentTargetsInParallel = 1;
				LastSwiftUpdateCheck = 1310;
				LastUpgradeCheck = 1310;
				TargetAttributes = {
					AB6F3CD72760F73200B72786 = {
						CreatedOnToolsVersion = 13.1;
					};
					AB6F3CE92760F73400B72786 = {
						CreatedOnToolsVersion = 13.1;
						TestTargetID = AB6F3CD72760F73200B72786;
					};
					AB6F3CF32760F73400B72786 = {
						CreatedOnToolsVersion = 13.1;
						TestTargetID = AB6F3CD72760F73200B72786;
					};
				};
			};
			buildConfigurationList = AB6F3CD32760F73200B72786 /* Build configuration list for PBXProject "dinosAR" */;
			compatibilityVersion = "Xcode 13.0";
			developmentRegion = en;
			hasScannedForEncodings = 0;
			knownRegions = (
				en,
				Base,
			);
			mainGroup = AB6F3CCF2760F73200B72786;
			packageReferences = (
				AB6170B22761696E00DC0E8E /* XCRemoteSwiftPackageReference "FocusEntity" */,
			);
			productRefGroup = AB6F3CD92760F73200B72786 /* Products */;
			projectDirPath = "";
			projectRoot = "";
			targets = (
				AB6F3CD72760F73200B72786 /* dinosAR */,
				AB6F3CE92760F73400B72786 /* dinosARTests */,
				AB6F3CF32760F73400B72786 /* dinosARUITests */,
			);
		};
/* End PBXProject section */

/* Begin PBXResourcesBuildPhase section */
		AB6F3CD62760F73200B72786 /* Resources */ = {
			isa = PBXResourcesBuildPhase;
			buildActionMask = 2147483647;
			files = (
				AB6170C227665B6100DC0E8E /* shutter.mp3 in Resources */,
				AB6F3CE52760F73400B72786 /* Preview Assets.xcassets in Resources */,
				AB6F3D132761406500B72786 /* gramophone.usdz in Resources */,
				AB6F3D122761406500B72786 /* toy_biplane.usdz in Resources */,
				AB6F3D142761406500B72786 /* tv_retro.usdz in Resources */,
				AB6F3CE22760F73400B72786 /* Assets.xcassets in Resources */,
				AB3ACC3C276C6346002FFD4C /* toy_robot_vintage.usdz in Resources */,
				AB6F3D102761406500B72786 /* fender_stratocaster.usdz in Resources */,
				AB6F3D112761406500B72786 /* toy_drummer.usdz in Resources */,
				AB392197276C019A00375942 /* track.gif in Resources */,
				AB3ACC3D276C6346002FFD4C /* toy_car.usdz in Resources */,
			);
			runOnlyForDeploymentPostprocessing = 0;
		};
		AB6F3CE82760F73400B72786 /* Resources */ = {
			isa = PBXResourcesBuildPhase;
			buildActionMask = 2147483647;
			files = (
			);
			runOnlyForDeploymentPostprocessing = 0;
		};
		AB6F3CF22760F73400B72786 /* Resources */ = {
			isa = PBXResourcesBuildPhase;
			buildActionMask = 2147483647;
			files = (
			);
			runOnlyForDeploymentPostprocessing = 0;
		};
/* End PBXResourcesBuildPhase section */

/* Begin PBXSourcesBuildPhase section */
		AB6F3CD42760F73200B72786 /* Sources */ = {
			isa = PBXSourcesBuildPhase;
			buildActionMask = 2147483647;
			files = (
				AB6F3CDE2760F73200B72786 /* ContentView.swift in Sources */,
				AB6170BA2764FE2D00DC0E8E /* SheetView.swift in Sources */,
				AB392193276BB22200375942 /* Onboarding.swift in Sources */,
				AB6170BC2765161F00DC0E8E /* PlacementView.swift in Sources */,
				AB6170BE27651B0D00DC0E8E /* CustomARView.swift in Sources */,
				AB6F3CDC2760F73200B72786 /* AppDelegate.swift in Sources */,
				AB6F3CE02760F73200B72786 /* Experience.rcproject in Sources */,
				AB6170B82764F43100DC0E8E /* ControlView.swift in Sources */,
				AB6170C027655FA500DC0E8E /* ModelDeletionManager.swift in Sources */,
				AB6170B12761628200DC0E8E /* Model.swift in Sources */,
				AB392195276BF94E00375942 /* Info.swift in Sources */,
			);
			runOnlyForDeploymentPostprocessing = 0;
		};
		AB6F3CE62760F73400B72786 /* Sources */ = {
			isa = PBXSourcesBuildPhase;
			buildActionMask = 2147483647;
			files = (
				AB6F3CEF2760F73400B72786 /* dinosARTests.swift in Sources */,
			);
			runOnlyForDeploymentPostprocessing = 0;
		};
		AB6F3CF02760F73400B72786 /* Sources */ = {
			isa = PBXSourcesBuildPhase;
			buildActionMask = 2147483647;
			files = (
				AB6F3CF92760F73400B72786 /* dinosARUITests.swift in Sources */,
				AB6F3CFB2760F73400B72786 /* dinosARUITestsLaunchTests.swift in Sources */,
			);
			runOnlyForDeploymentPostprocessing = 0;
		};
/* End PBXSourcesBuildPhase section */

/* Begin PBXTargetDependency section */
		AB6F3CEC2760F73400B72786 /* PBXTargetDependency */ = {
			isa = PBXTargetDependency;
			target = AB6F3CD72760F73200B72786 /* dinosAR */;
			targetProxy = AB6F3CEB2760F73400B72786 /* PBXContainerItemProxy */;
		};
		AB6F3CF62760F73400B72786 /* PBXTargetDependency */ = {
			isa = PBXTargetDependency;
			target = AB6F3CD72760F73200B72786 /* dinosAR */;
			targetProxy = AB6F3CF52760F73400B72786 /* PBXContainerItemProxy */;
		};
/* End PBXTargetDependency section */

/* Begin XCBuildConfiguration section */
		AB6F3CFC2760F73400B72786 /* Debug */ = {
			isa = XCBuildConfiguration;
			buildSettings = {
				ALWAYS_SEARCH_USER_PATHS = NO;
				CLANG_ANALYZER_NONNULL = YES;
				CLANG_ANALYZER_NUMBER_OBJECT_CONVERSION = YES_AGGRESSIVE;
				CLANG_CXX_LANGUAGE_STANDARD = "gnu++17";
				CLANG_CXX_LIBRARY = "libc++";
				CLANG_ENABLE_MODULES = YES;
				CLANG_ENABLE_OBJC_ARC = YES;
				CLANG_ENABLE_OBJC_WEAK = YES;
				CLANG_WARN_BLOCK_CAPTURE_AUTORELEASING = YES;
				CLANG_WARN_BOOL_CONVERSION = YES;
				CLANG_WARN_COMMA = YES;
				CLANG_WARN_CONSTANT_CONVERSION = YES;
				CLANG_WARN_DEPRECATED_OBJC_IMPLEMENTATIONS = YES;
				CLANG_WARN_DIRECT_OBJC_ISA_USAGE = YES_ERROR;
				CLANG_WARN_DOCUMENTATION_COMMENTS = YES;
				CLANG_WARN_EMPTY_BODY = YES;
				CLANG_WARN_ENUM_CONVERSION = YES;
				CLANG_WARN_INFINITE_RECURSION = YES;
				CLANG_WARN_INT_CONVERSION = YES;
				CLANG_WARN_NON_LITERAL_NULL_CONVERSION = YES;
				CLANG_WARN_OBJC_IMPLICIT_RETAIN_SELF = YES;
				CLANG_WARN_OBJC_LITERAL_CONVERSION = YES;
				CLANG_WARN_OBJC_ROOT_CLASS = YES_ERROR;
				CLANG_WARN_QUOTED_INCLUDE_IN_FRAMEWORK_HEADER = YES;
				CLANG_WARN_RANGE_LOOP_ANALYSIS = YES;
				CLANG_WARN_STRICT_PROTOTYPES = YES;
				CLANG_WARN_SUSPICIOUS_MOVE = YES;
				CLANG_WARN_UNGUARDED_AVAILABILITY = YES_AGGRESSIVE;
				CLANG_WARN_UNREACHABLE_CODE = YES;
				CLANG_WARN__DUPLICATE_METHOD_MATCH = YES;
				COPY_PHASE_STRIP = NO;
				DEBUG_INFORMATION_FORMAT = dwarf;
				ENABLE_STRICT_OBJC_MSGSEND = YES;
				ENABLE_TESTABILITY = YES;
				GCC_C_LANGUAGE_STANDARD = gnu11;
				GCC_DYNAMIC_NO_PIC = NO;
				GCC_NO_COMMON_BLOCKS = YES;
				GCC_OPTIMIZATION_LEVEL = 0;
				GCC_PREPROCESSOR_DEFINITIONS = (
					"DEBUG=1",
					"$(inherited)",
				);
				GCC_WARN_64_TO_32_BIT_CONVERSION = YES;
				GCC_WARN_ABOUT_RETURN_TYPE = YES_ERROR;
				GCC_WARN_UNDECLARED_SELECTOR = YES;
				GCC_WARN_UNINITIALIZED_AUTOS = YES_AGGRESSIVE;
				GCC_WARN_UNUSED_FUNCTION = YES;
				GCC_WARN_UNUSED_VARIABLE = YES;
				IPHONEOS_DEPLOYMENT_TARGET = 15.0;
				MTL_ENABLE_DEBUG_INFO = INCLUDE_SOURCE;
				MTL_FAST_MATH = YES;
				ONLY_ACTIVE_ARCH = YES;
				SDKROOT = iphoneos;
				SWIFT_ACTIVE_COMPILATION_CONDITIONS = DEBUG;
				SWIFT_OPTIMIZATION_LEVEL = "-Onone";
			};
			name = Debug;
		};
		AB6F3CFD2760F73400B72786 /* Release */ = {
			isa = XCBuildConfiguration;
			buildSettings = {
				ALWAYS_SEARCH_USER_PATHS = NO;
				CLANG_ANALYZER_NONNULL = YES;
				CLANG_ANALYZER_NUMBER_OBJECT_CONVERSION = YES_AGGRESSIVE;
				CLANG_CXX_LANGUAGE_STANDARD = "gnu++17";
				CLANG_CXX_LIBRARY = "libc++";
				CLANG_ENABLE_MODULES = YES;
				CLANG_ENABLE_OBJC_ARC = YES;
				CLANG_ENABLE_OBJC_WEAK = YES;
				CLANG_WARN_BLOCK_CAPTURE_AUTORELEASING = YES;
				CLANG_WARN_BOOL_CONVERSION = YES;
				CLANG_WARN_COMMA = YES;
				CLANG_WARN_CONSTANT_CONVERSION = YES;
				CLANG_WARN_DEPRECATED_OBJC_IMPLEMENTATIONS = YES;
				CLANG_WARN_DIRECT_OBJC_ISA_USAGE = YES_ERROR;
				CLANG_WARN_DOCUMENTATION_COMMENTS = YES;
				CLANG_WARN_EMPTY_BODY = YES;
				CLANG_WARN_ENUM_CONVERSION = YES;
				CLANG_WARN_INFINITE_RECURSION = YES;
				CLANG_WARN_INT_CONVERSION = YES;
				CLANG_WARN_NON_LITERAL_NULL_CONVERSION = YES;
				CLANG_WARN_OBJC_IMPLICIT_RETAIN_SELF = YES;
				CLANG_WARN_OBJC_LITERAL_CONVERSION = YES;
				CLANG_WARN_OBJC_ROOT_CLASS = YES_ERROR;
				CLANG_WARN_QUOTED_INCLUDE_IN_FRAMEWORK_HEADER = YES;
				CLANG_WARN_RANGE_LOOP_ANALYSIS = YES;
				CLANG_WARN_STRICT_PROTOTYPES = YES;
				CLANG_WARN_SUSPICIOUS_MOVE = YES;
				CLANG_WARN_UNGUARDED_AVAILABILITY = YES_AGGRESSIVE;
				CLANG_WARN_UNREACHABLE_CODE = YES;
				CLANG_WARN__DUPLICATE_METHOD_MATCH = YES;
				COPY_PHASE_STRIP = NO;
				DEBUG_INFORMATION_FORMAT = "dwarf-with-dsym";
				ENABLE_NS_ASSERTIONS = NO;
				ENABLE_STRICT_OBJC_MSGSEND = YES;
				GCC_C_LANGUAGE_STANDARD = gnu11;
				GCC_NO_COMMON_BLOCKS = YES;
				GCC_WARN_64_TO_32_BIT_CONVERSION = YES;
				GCC_WARN_ABOUT_RETURN_TYPE = YES_ERROR;
				GCC_WARN_UNDECLARED_SELECTOR = YES;
				GCC_WARN_UNINITIALIZED_AUTOS = YES_AGGRESSIVE;
				GCC_WARN_UNUSED_FUNCTION = YES;
				GCC_WARN_UNUSED_VARIABLE = YES;
				IPHONEOS_DEPLOYMENT_TARGET = 15.0;
				MTL_ENABLE_DEBUG_INFO = NO;
				MTL_FAST_MATH = YES;
				SDKROOT = iphoneos;
				SWIFT_COMPILATION_MODE = wholemodule;
				SWIFT_OPTIMIZATION_LEVEL = "-O";
				VALIDATE_PRODUCT = YES;
			};
			name = Release;
		};
		AB6F3CFF2760F73400B72786 /* Debug */ = {
			isa = XCBuildConfiguration;
			buildSettings = {
				ASSETCATALOG_COMPILER_APPICON_NAME = AppIcon;
				ASSETCATALOG_COMPILER_GLOBAL_ACCENT_COLOR_NAME = AccentColor;
				CODE_SIGN_STYLE = Automatic;
				CURRENT_PROJECT_VERSION = 1;
				DEVELOPMENT_ASSET_PATHS = "\"dinosAR/Preview Content\"";
				DEVELOPMENT_TEAM = 3GSVA9WBVH;
				ENABLE_PREVIEWS = YES;
				GENERATE_INFOPLIST_FILE = YES;
				INFOPLIST_FILE = dinosAR/Info.plist;
				INFOPLIST_KEY_NSCameraUsageDescription = "Access requiered for AR experience";
				INFOPLIST_KEY_NSPhotoLibraryAddUsageDescription = "Access required to save the photo";
				INFOPLIST_KEY_UIApplicationSupportsIndirectInputEvents = YES;
				INFOPLIST_KEY_UILaunchScreen_Generation = YES;
				INFOPLIST_KEY_UIRequiredDeviceCapabilities = arkit;
				INFOPLIST_KEY_UIStatusBarHidden = YES;
				INFOPLIST_KEY_UISupportedInterfaceOrientations_iPad = "UIInterfaceOrientationPortrait UIInterfaceOrientationPortraitUpsideDown UIInterfaceOrientationLandscapeLeft UIInterfaceOrientationLandscapeRight";
				INFOPLIST_KEY_UISupportedInterfaceOrientations_iPhone = "UIInterfaceOrientationPortrait UIInterfaceOrientationLandscapeLeft UIInterfaceOrientationLandscapeRight";
				LD_RUNPATH_SEARCH_PATHS = (
					"$(inherited)",
					"@executable_path/Frameworks",
				);
				MARKETING_VERSION = 1.0;
				PRODUCT_BUNDLE_IDENTIFIER = test.dinosAR;
				PRODUCT_NAME = "$(TARGET_NAME)";
				SWIFT_EMIT_LOC_STRINGS = YES;
				SWIFT_VERSION = 5.0;
				TARGETED_DEVICE_FAMILY = "1,2";
			};
			name = Debug;
		};
		AB6F3D002760F73400B72786 /* Release */ = {
			isa = XCBuildConfiguration;
			buildSettings = {
				ASSETCATALOG_COMPILER_APPICON_NAME = AppIcon;
				ASSETCATALOG_COMPILER_GLOBAL_ACCENT_COLOR_NAME = AccentColor;
				CODE_SIGN_STYLE = Automatic;
				CURRENT_PROJECT_VERSION = 1;
				DEVELOPMENT_ASSET_PATHS = "\"dinosAR/Preview Content\"";
				DEVELOPMENT_TEAM = 3GSVA9WBVH;
				ENABLE_PREVIEWS = YES;
				GENERATE_INFOPLIST_FILE = YES;
				INFOPLIST_FILE = dinosAR/Info.plist;
				INFOPLIST_KEY_NSCameraUsageDescription = "Access requiered for AR experience";
				INFOPLIST_KEY_NSPhotoLibraryAddUsageDescription = "Access required to save the photo";
				INFOPLIST_KEY_UIApplicationSupportsIndirectInputEvents = YES;
				INFOPLIST_KEY_UILaunchScreen_Generation = YES;
				INFOPLIST_KEY_UIRequiredDeviceCapabilities = arkit;
				INFOPLIST_KEY_UIStatusBarHidden = YES;
				INFOPLIST_KEY_UISupportedInterfaceOrientations_iPad = "UIInterfaceOrientationPortrait UIInterfaceOrientationPortraitUpsideDown UIInterfaceOrientationLandscapeLeft UIInterfaceOrientationLandscapeRight";
				INFOPLIST_KEY_UISupportedInterfaceOrientations_iPhone = "UIInterfaceOrientationPortrait UIInterfaceOrientationLandscapeLeft UIInterfaceOrientationLandscapeRight";
				LD_RUNPATH_SEARCH_PATHS = (
					"$(inherited)",
					"@executable_path/Frameworks",
				);
				MARKETING_VERSION = 1.0;
				PRODUCT_BUNDLE_IDENTIFIER = test.dinosAR;
				PRODUCT_NAME = "$(TARGET_NAME)";
				SWIFT_EMIT_LOC_STRINGS = YES;
				SWIFT_VERSION = 5.0;
				TARGETED_DEVICE_FAMILY = "1,2";
			};
			name = Release;
		};
		AB6F3D022760F73400B72786 /* Debug */ = {
			isa = XCBuildConfiguration;
			buildSettings = {
				ALWAYS_EMBED_SWIFT_STANDARD_LIBRARIES = YES;
				BUNDLE_LOADER = "$(TEST_HOST)";
				CODE_SIGN_STYLE = Automatic;
				CURRENT_PROJECT_VERSION = 1;
				GENERATE_INFOPLIST_FILE = YES;
				IPHONEOS_DEPLOYMENT_TARGET = 15.0;
				LD_RUNPATH_SEARCH_PATHS = (
					"$(inherited)",
					"@executable_path/Frameworks",
					"@loader_path/Frameworks",
				);
				MARKETING_VERSION = 1.0;
				PRODUCT_BUNDLE_IDENTIFIER = test.dinosARTests;
				PRODUCT_NAME = "$(TARGET_NAME)";
				SWIFT_EMIT_LOC_STRINGS = NO;
				SWIFT_VERSION = 5.0;
				TARGETED_DEVICE_FAMILY = "1,2";
				TEST_HOST = "$(BUILT_PRODUCTS_DIR)/dinosAR.app/dinosAR";
			};
			name = Debug;
		};
		AB6F3D032760F73400B72786 /* Release */ = {
			isa = XCBuildConfiguration;
			buildSettings = {
				ALWAYS_EMBED_SWIFT_STANDARD_LIBRARIES = YES;
				BUNDLE_LOADER = "$(TEST_HOST)";
				CODE_SIGN_STYLE = Automatic;
				CURRENT_PROJECT_VERSION = 1;
				GENERATE_INFOPLIST_FILE = YES;
				IPHONEOS_DEPLOYMENT_TARGET = 15.0;
				LD_RUNPATH_SEARCH_PATHS = (
					"$(inherited)",
					"@executable_path/Frameworks",
					"@loader_path/Frameworks",
				);
				MARKETING_VERSION = 1.0;
				PRODUCT_BUNDLE_IDENTIFIER = test.dinosARTests;
				PRODUCT_NAME = "$(TARGET_NAME)";
				SWIFT_EMIT_LOC_STRINGS = NO;
				SWIFT_VERSION = 5.0;
				TARGETED_DEVICE_FAMILY = "1,2";
				TEST_HOST = "$(BUILT_PRODUCTS_DIR)/dinosAR.app/dinosAR";
			};
			name = Release;
		};
		AB6F3D052760F73400B72786 /* Debug */ = {
			isa = XCBuildConfiguration;
			buildSettings = {
				ALWAYS_EMBED_SWIFT_STANDARD_LIBRARIES = YES;
				CODE_SIGN_STYLE = Automatic;
				CURRENT_PROJECT_VERSION = 1;
				GENERATE_INFOPLIST_FILE = YES;
				LD_RUNPATH_SEARCH_PATHS = (
					"$(inherited)",
					"@executable_path/Frameworks",
					"@loader_path/Frameworks",
				);
				MARKETING_VERSION = 1.0;
				PRODUCT_BUNDLE_IDENTIFIER = test.dinosARUITests;
				PRODUCT_NAME = "$(TARGET_NAME)";
				SWIFT_EMIT_LOC_STRINGS = NO;
				SWIFT_VERSION = 5.0;
				TARGETED_DEVICE_FAMILY = "1,2";
				TEST_TARGET_NAME = dinosAR;
			};
			name = Debug;
		};
		AB6F3D062760F73400B72786 /* Release */ = {
			isa = XCBuildConfiguration;
			buildSettings = {
				ALWAYS_EMBED_SWIFT_STANDARD_LIBRARIES = YES;
				CODE_SIGN_STYLE = Automatic;
				CURRENT_PROJECT_VERSION = 1;
				GENERATE_INFOPLIST_FILE = YES;
				LD_RUNPATH_SEARCH_PATHS = (
					"$(inherited)",
					"@executable_path/Frameworks",
					"@loader_path/Frameworks",
				);
				MARKETING_VERSION = 1.0;
				PRODUCT_BUNDLE_IDENTIFIER = test.dinosARUITests;
				PRODUCT_NAME = "$(TARGET_NAME)";
				SWIFT_EMIT_LOC_STRINGS = NO;
				SWIFT_VERSION = 5.0;
				TARGETED_DEVICE_FAMILY = "1,2";
				TEST_TARGET_NAME = dinosAR;
			};
			name = Release;
		};
/* End XCBuildConfiguration section */

/* Begin XCConfigurationList section */
		AB6F3CD32760F73200B72786 /* Build configuration list for PBXProject "dinosAR" */ = {
			isa = XCConfigurationList;
			buildConfigurations = (
				AB6F3CFC2760F73400B72786 /* Debug */,
				AB6F3CFD2760F73400B72786 /* Release */,
			);
			defaultConfigurationIsVisible = 0;
			defaultConfigurationName = Release;
		};
		AB6F3CFE2760F73400B72786 /* Build configuration list for PBXNativeTarget "dinosAR" */ = {
			isa = XCConfigurationList;
			buildConfigurations = (
				AB6F3CFF2760F73400B72786 /* Debug */,
				AB6F3D002760F73400B72786 /* Release */,
			);
			defaultConfigurationIsVisible = 0;
			defaultConfigurationName = Release;
		};
		AB6F3D012760F73400B72786 /* Build configuration list for PBXNativeTarget "dinosARTests" */ = {
			isa = XCConfigurationList;
			buildConfigurations = (
				AB6F3D022760F73400B72786 /* Debug */,
				AB6F3D032760F73400B72786 /* Release */,
			);
			defaultConfigurationIsVisible = 0;
			defaultConfigurationName = Release;
		};
		AB6F3D042760F73400B72786 /* Build configuration list for PBXNativeTarget "dinosARUITests" */ = {
			isa = XCConfigurationList;
			buildConfigurations = (
				AB6F3D052760F73400B72786 /* Debug */,
				AB6F3D062760F73400B72786 /* Release */,
			);
			defaultConfigurationIsVisible = 0;
			defaultConfigurationName = Release;
		};
/* End XCConfigurationList section */

/* Begin XCRemoteSwiftPackageReference section */
		AB6170B22761696E00DC0E8E /* XCRemoteSwiftPackageReference "FocusEntity" */ = {
			isa = XCRemoteSwiftPackageReference;
			repositoryURL = "https://github.com/maxxfrazer/FocusEntity";
			requirement = {
				kind = upToNextMajorVersion;
				minimumVersion = 2.0.0;
			};
		};
/* End XCRemoteSwiftPackageReference section */

/* Begin XCSwiftPackageProductDependency section */
		AB6170B32761696E00DC0E8E /* FocusEntity */ = {
			isa = XCSwiftPackageProductDependency;
			package = AB6170B22761696E00DC0E8E /* XCRemoteSwiftPackageReference "FocusEntity" */;
			productName = FocusEntity;
		};
/* End XCSwiftPackageProductDependency section */
	};
	rootObject = AB6F3CD02760F73200B72786 /* Project object */;
}
